
Microsoft Visual Studio Solution File, Format Version 12.00
Project("{FAE04EC0-301F-11D3-BF4B-00C04F79EFBC}") = "FactoryMethod", "FactoryMethod\FactoryMethod.csproj", "{125BA6E4-7C2B-4C44-94B4-9D16A021F03C}"
EndProject
Project("{FAE04EC0-301F-11D3-BF4B-00C04F79EFBC}") = "AbstractFactoryMethod", "AbstractFactoryMethod\AbstractFactoryMethod.csproj", "{780321FB-2527-4DB4-AC9D-B21D741E3502}"
EndProject
Project("{FAE04EC0-301F-11D3-BF4B-00C04F79EFBC}") = "BuilderMethod", "BuilderMethod\BuilderMethod.csproj", "{B1BF2211-CCC5-4834-B1EC-C1B2E7DB4E3E}"
EndProject
Project("{FAE04EC0-301F-11D3-BF4B-00C04F79EFBC}") = "PrototypeMethod", "PrototypeMethod\PrototypeMethod.csproj", "{6F855C89-11CA-4107-BCF4-36A851710761}"
EndProject
Global
	GlobalSection(SolutionConfigurationPlatforms) = preSolution
		Debug|Any CPU = Debug|Any CPU
		Release|Any CPU = Release|Any CPU
	EndGlobalSection
	GlobalSection(ProjectConfigurationPlatforms) = postSolution
		{125BA6E4-7C2B-4C44-94B4-9D16A021F03C}.Debug|Any CPU.ActiveCfg = Debug|Any CPU
		{125BA6E4-7C2B-4C44-94B4-9D16A021F03C}.Debug|Any CPU.Build.0 = Debug|Any CPU
		{125BA6E4-7C2B-4C44-94B4-9D16A021F03C}.Release|Any CPU.ActiveCfg = Release|Any CPU
		{125BA6E4-7C2B-4C44-94B4-9D16A021F03C}.Release|Any CPU.Build.0 = Release|Any CPU
		{780321FB-2527-4DB4-AC9D-B21D741E3502}.Debug|Any CPU.ActiveCfg = Debug|Any CPU
		{780321FB-2527-4DB4-AC9D-B21D741E3502}.Debug|Any CPU.Build.0 = Debug|Any CPU
		{780321FB-2527-4DB4-AC9D-B21D741E3502}.Release|Any CPU.ActiveCfg = Release|Any CPU
		{780321FB-2527-4DB4-AC9D-B21D741E3502}.Release|Any CPU.Build.0 = Release|Any CPU
		{B1BF2211-CCC5-4834-B1EC-C1B2E7DB4E3E}.Debug|Any CPU.ActiveCfg = Debug|Any CPU
		{B1BF2211-CCC5-4834-B1EC-C1B2E7DB4E3E}.Debug|Any CPU.Build.0 = Debug|Any CPU
		{B1BF2211-CCC5-4834-B1EC-C1B2E7DB4E3E}.Release|Any CPU.ActiveCfg = Release|Any CPU
		{B1BF2211-CCC5-4834-B1EC-C1B2E7DB4E3E}.Release|Any CPU.Build.0 = Release|Any CPU
		{6F855C89-11CA-4107-BCF4-36A851710761}.Debug|Any CPU.ActiveCfg = Debug|Any CPU
		{6F855C89-11CA-4107-BCF4-36A851710761}.Debug|Any CPU.Build.0 = Debug|Any CPU
		{6F855C89-11CA-4107-BCF4-36A851710761}.Release|Any CPU.ActiveCfg = Release|Any CPU
		{6F855C89-11CA-4107-BCF4-36A851710761}.Release|Any CPU.Build.0 = Release|Any CPU
	EndGlobalSection
EndGlobal
